
Microsoft Visual Studio Solution File, Format Version 12.00
# Visual Studio Version 16
VisualStudioVersion = 16.0.31220.234
MinimumVisualStudioVersion = 10.0.40219.1
Project("{2150E333-8FDC-42A3-9474-1A3956D46DE8}") = "src", "src", "{B0CB6811-B313-4E9E-B114-A800CE900CC3}"
EndProject
Project("{2150E333-8FDC-42A3-9474-1A3956D46DE8}") = "protocol", "protocol", "{7895A6CA-AC74-4D7F-85DD-8416CA94F3CF}"
EndProject
Project("{2150E333-8FDC-42A3-9474-1A3956D46DE8}") = "Transfer", "Transfer", "{F9A3C35D-ECB3-431D-A3C6-984770D948CA}"
EndProject
Project("{2150E333-8FDC-42A3-9474-1A3956D46DE8}") = "Tcp", "Tcp", "{C0E55A72-1838-4F55-A2C8-FCCD0AD20B11}"
EndProject
Project("{2150E333-8FDC-42A3-9474-1A3956D46DE8}") = "Wahser", "Wahser", "{C3D4E84F-AD58-427A-ABF2-51645FAC92E8}"
EndProject
Project("{FAE04EC0-301F-11D3-BF4B-00C04F79EFBC}") = "Washer", "src\Washer\Washer\Washer.csproj", "{CF2B8B11-FA55-455A-9B11-3D71F7C6F033}"
EndProject
Project("{FAE04EC0-301F-11D3-BF4B-00C04F79EFBC}") = "Tcp.Client", "src\Transfer\Tcp\Tcp.Client\Tcp.Client.csproj", "{1F885358-59A7-4B9E-8B45-7C2D87A854A9}"
EndProject
Project("{FAE04EC0-301F-11D3-BF4B-00C04F79EFBC}") = "Washer.Bussiness", "src\Washer\Washer.Bussiness\Washer.Bussiness.csproj", "{596C1353-12A0-4BBB-A2D9-84683562CE3D}"
EndProject
Project("{FAE04EC0-301F-11D3-BF4B-00C04F79EFBC}") = "Washer.Entity", "src\Washer\Washer.Entity\Washer.Entity.csproj", "{ED631BF8-5F77-4FEF-B8F0-5EE3863FA9B3}"
EndProject
Project("{2150E333-8FDC-42A3-9474-1A3956D46DE8}") = "nesneler", "nesneler", "{8F600784-E291-4889-912A-27040D0CF539}"
EndProject
Project("{FAE04EC0-301F-11D3-BF4B-00C04F79EFBC}") = "Protocol.Nesneler", "src\Protocol\Nesneler\Protocol.Nesneler\Protocol.Nesneler.csproj", "{EA6A4E6F-CED7-41F6-B5EB-86FFFB02EB4C}"
EndProject
Project("{FAE04EC0-301F-11D3-BF4B-00C04F79EFBC}") = "Washer.Core", "src\Washer\Washer.Core\Washer.Core.csproj", "{BD96BBF6-ED5B-4735-A004-E3483733FACC}"
EndProject
Global
	GlobalSection(SolutionConfigurationPlatforms) = preSolution
		Debug|Any CPU = Debug|Any CPU
		Release|Any CPU = Release|Any CPU
	EndGlobalSection
	GlobalSection(ProjectConfigurationPlatforms) = postSolution
		{CF2B8B11-FA55-455A-9B11-3D71F7C6F033}.Debug|Any CPU.ActiveCfg = Debug|Any CPU
		{CF2B8B11-FA55-455A-9B11-3D71F7C6F033}.Debug|Any CPU.Build.0 = Debug|Any CPU
		{CF2B8B11-FA55-455A-9B11-3D71F7C6F033}.Release|Any CPU.ActiveCfg = Release|Any CPU
		{CF2B8B11-FA55-455A-9B11-3D71F7C6F033}.Release|Any CPU.Build.0 = Release|Any CPU
		{1F885358-59A7-4B9E-8B45-7C2D87A854A9}.Debug|Any CPU.ActiveCfg = Debug|Any CPU
		{1F885358-59A7-4B9E-8B45-7C2D87A854A9}.Debug|Any CPU.Build.0 = Debug|Any CPU
		{1F885358-59A7-4B9E-8B45-7C2D87A854A9}.Release|Any CPU.ActiveCfg = Release|Any CPU
		{1F885358-59A7-4B9E-8B45-7C2D87A854A9}.Release|Any CPU.Build.0 = Release|Any CPU
		{596C1353-12A0-4BBB-A2D9-84683562CE3D}.Debug|Any CPU.ActiveCfg = Debug|Any CPU
		{596C1353-12A0-4BBB-A2D9-84683562CE3D}.Debug|Any CPU.Build.0 = Debug|Any CPU
		{596C1353-12A0-4BBB-A2D9-84683562CE3D}.Release|Any CPU.ActiveCfg = Release|Any CPU
		{596C1353-12A0-4BBB-A2D9-84683562CE3D}.Release|Any CPU.Build.0 = Release|Any CPU
		{ED631BF8-5F77-4FEF-B8F0-5EE3863FA9B3}.Debug|Any CPU.ActiveCfg = Debug|Any CPU
		{ED631BF8-5F77-4FEF-B8F0-5EE3863FA9B3}.Debug|Any CPU.Build.0 = Debug|Any CPU
		{ED631BF8-5F77-4FEF-B8F0-5EE3863FA9B3}.Release|Any CPU.ActiveCfg = Release|Any CPU
		{ED631BF8-5F77-4FEF-B8F0-5EE3863FA9B3}.Release|Any CPU.Build.0 = Release|Any CPU
		{EA6A4E6F-CED7-41F6-B5EB-86FFFB02EB4C}.Debug|Any CPU.ActiveCfg = Debug|Any CPU
		{EA6A4E6F-CED7-41F6-B5EB-86FFFB02EB4C}.Debug|Any CPU.Build.0 = Debug|Any CPU
		{EA6A4E6F-CED7-41F6-B5EB-86FFFB02EB4C}.Release|Any CPU.ActiveCfg = Release|Any CPU
		{EA6A4E6F-CED7-41F6-B5EB-86FFFB02EB4C}.Release|Any CPU.Build.0 = Release|Any CPU
		{BD96BBF6-ED5B-4735-A004-E3483733FACC}.Debug|Any CPU.ActiveCfg = Debug|Any CPU
		{BD96BBF6-ED5B-4735-A004-E3483733FACC}.Debug|Any CPU.Build.0 = Debug|Any CPU
		{BD96BBF6-ED5B-4735-A004-E3483733FACC}.Release|Any CPU.ActiveCfg = Release|Any CPU
		{BD96BBF6-ED5B-4735-A004-E3483733FACC}.Release|Any CPU.Build.0 = Release|Any CPU
	EndGlobalSection
	GlobalSection(SolutionProperties) = preSolution
		HideSolutionNode = FALSE
	EndGlobalSection
	GlobalSection(NestedProjects) = preSolution
		{7895A6CA-AC74-4D7F-85DD-8416CA94F3CF} = {B0CB6811-B313-4E9E-B114-A800CE900CC3}
		{F9A3C35D-ECB3-431D-A3C6-984770D948CA} = {B0CB6811-B313-4E9E-B114-A800CE900CC3}
		{C0E55A72-1838-4F55-A2C8-FCCD0AD20B11} = {F9A3C35D-ECB3-431D-A3C6-984770D948CA}
		{C3D4E84F-AD58-427A-ABF2-51645FAC92E8} = {B0CB6811-B313-4E9E-B114-A800CE900CC3}
		{CF2B8B11-FA55-455A-9B11-3D71F7C6F033} = {C3D4E84F-AD58-427A-ABF2-51645FAC92E8}
		{1F885358-59A7-4B9E-8B45-7C2D87A854A9} = {C0E55A72-1838-4F55-A2C8-FCCD0AD20B11}
		{596C1353-12A0-4BBB-A2D9-84683562CE3D} = {C3D4E84F-AD58-427A-ABF2-51645FAC92E8}
		{ED631BF8-5F77-4FEF-B8F0-5EE3863FA9B3} = {C3D4E84F-AD58-427A-ABF2-51645FAC92E8}
		{8F600784-E291-4889-912A-27040D0CF539} = {7895A6CA-AC74-4D7F-85DD-8416CA94F3CF}
		{EA6A4E6F-CED7-41F6-B5EB-86FFFB02EB4C} = {8F600784-E291-4889-912A-27040D0CF539}
		{BD96BBF6-ED5B-4735-A004-E3483733FACC} = {C3D4E84F-AD58-427A-ABF2-51645FAC92E8}
	EndGlobalSection
	GlobalSection(ExtensibilityGlobals) = postSolution
		SolutionGuid = {1537816E-89EF-4F67-B85E-9C7955BBE8FC}
	EndGlobalSection
EndGlobal
